// !$*UTF8*$!
{
	archiveVersion = 1;
	classes = {
	};
	objectVersion = 46;
	objects = {

/* Begin PBXBuildFile section */
		76C756C81E439EA30086D9EA /* AppDelegate.swift in Sources */ = {isa = PBXBuildFile; fileRef = 76C756C71E439EA30086D9EA /* AppDelegate.swift */; };
		76C756CA1E439EA30086D9EA /* ViewController.swift in Sources */ = {isa = PBXBuildFile; fileRef = 76C756C91E439EA30086D9EA /* ViewController.swift */; };
		76C756CD1E439EA30086D9EA /* Main.storyboard in Resources */ = {isa = PBXBuildFile; fileRef = 76C756CB1E439EA30086D9EA /* Main.storyboard */; };
		76C756CF1E439EA30086D9EA /* Assets.xcassets in Resources */ = {isa = PBXBuildFile; fileRef = 76C756CE1E439EA30086D9EA /* Assets.xcassets */; };
		76C756D21E439EA30086D9EA /* LaunchScreen.storyboard in Resources */ = {isa = PBXBuildFile; fileRef = 76C756D01E439EA30086D9EA /* LaunchScreen.storyboard */; };
/* End PBXBuildFile section */

/* Begin PBXFileReference section */
		76C756C41E439EA30086D9EA /* Team Survey.app */ = {isa = PBXFileReference; explicitFileType = wrapper.application; includeInIndex = 0; path = "Team Survey.app"; sourceTree = BUILT_PRODUCTS_DIR; };
		76C756C71E439EA30086D9EA /* AppDelegate.swift */ = {isa = PBXFileReference; lastKnownFileType = sourcecode.swift; path = AppDelegate.swift; sourceTree = "<group>"; };
		76C756C91E439EA30086D9EA /* ViewController.swift */ = {isa = PBXFileReference; lastKnownFileType = sourcecode.swift; path = ViewController.swift; sourceTree = "<group>"; };
		76C756CC1E439EA30086D9EA /* Base */ = {isa = PBXFileReference; lastKnownFileType = file.storyboard; name = Base; path = Base.lproj/Main.storyboard; sourceTree = "<group>"; };
		76C756CE1E439EA30086D9EA /* Assets.xcassets */ = {isa = PBXFileReference; lastKnownFileType = folder.assetcatalog; path = Assets.xcassets; sourceTree = "<group>"; };
		76C756D11E439EA30086D9EA /* Base */ = {isa = PBXFileReference; lastKnownFileType = file.storyboard; name = Base; path = Base.lproj/LaunchScreen.storyboard; sourceTree = "<group>"; };
		76C756D31E439EA30086D9EA /* Info.plist */ = {isa = PBXFileReference; lastKnownFileType = text.plist.xml; path = Info.plist; sourceTree = "<group>"; };
/* End PBXFileReference section */

/* Begin PBXFrameworksBuildPhase section */
		76C756C11E439EA30086D9EA /* Frameworks */ = {
			isa = PBXFrameworksBuildPhase;
			buildActionMask = 2147483647;
			files = (
			);
			runOnlyForDeploymentPostprocessing = 0;
		};
/* End PBXFrameworksBuildPhase section */

/* Begin PBXGroup section */
		76C756BB1E439EA30086D9EA = {
			isa = PBXGroup;
			children = (
				76C756C61E439EA30086D9EA /* Team Survey */,
				76C756C51E439EA30086D9EA /* Products */,
			);
			sourceTree = "<group>";
		};
		76C756C51E439EA30086D9EA /* Products */ = {
			isa = PBXGroup;
			children = (
				76C756C41E439EA30086D9EA /* Team Survey.app */,
			);
			name = Products;
			sourceTree = "<group>";
		};
		76C756C61E439EA30086D9EA /* Team Survey */ = {
			isa = PBXGroup;
			children = (
				76C756C71E439EA30086D9EA /* AppDelegate.swift */,
				76C756C91E439EA30086D9EA /* ViewController.swift */,
				76C756CB1E439EA30086D9EA /* Main.storyboard */,
				76C756CE1E439EA30086D9EA /* Assets.xcassets */,
				76C756D01E439EA30086D9EA /* LaunchScreen.storyboard */,
				76C756D31E439EA30086D9EA /* Info.plist */,
			);
			path = "Team Survey";
			sourceTree = "<group>";
		};
/* End PBXGroup section */

/* Begin PBXNativeTarget section */
		76C756C31E439EA30086D9EA /* Team Survey */ = {
			isa = PBXNativeTarget;
			buildConfigurationList = 76C756D61E439EA30086D9EA /* Build configuration list for PBXNativeTarget "Team Survey" */;
			buildPhases = (
				76C756C01E439EA30086D9EA /* Sources */,
				76C756C11E439EA30086D9EA /* Frameworks */,
				76C756C21E439EA30086D9EA /* Resources */,
			);
			buildRules = (
			);
			dependencies = (
			);
			name = "Team Survey";
			productName = "Team Survey";
			productReference = 76C756C41E439EA30086D9EA /* Team Survey.app */;
			productType = "com.apple.product-type.application";
		};
/* End PBXNativeTarget section */

/* Begin PBXProject section */
		76C756BC1E439EA30086D9EA /* Project object */ = {
			isa = PBXProject;
			attributes = {
				LastSwiftUpdateCheck = 0820;
				LastUpgradeCheck = 0820;
				ORGANIZATIONNAME = kaylee.paterson.19;
				TargetAttributes = {
					76C756C31E439EA30086D9EA = {
						CreatedOnToolsVersion = 8.2.1;
						DevelopmentTeam = JHNSK4E622;
						ProvisioningStyle = Automatic;
					};
				};
			};
			buildConfigurationList = 76C756BF1E439EA30086D9EA /* Build configuration list for PBXProject "Team Survey" */;
			compatibilityVersion = "Xcode 3.2";
			developmentRegion = English;
			hasScannedForEncodings = 0;
			knownRegions = (
				en,
				Base,
			);
			mainGroup = 76C756BB1E439EA30086D9EA;
			productRefGroup = 76C756C51E439EA30086D9EA /* Products */;
			projectDirPath = "";
			projectRoot = "";
			targets = (
				76C756C31E439EA30086D9EA /* Team Survey */,
			);
		};
/* End PBXProject section */

/* Begin PBXResourcesBuildPhase section */
		76C756C21E439EA30086D9EA /* Resources */ = {
			isa = PBXResourcesBuildPhase;
			buildActionMask = 2147483647;
			files = (
				76C756D21E439EA30086D9EA /* LaunchScreen.storyboard in Resources */,
				76C756CF1E439EA30086D9EA /* Assets.xcassets in Resources */,
				76C756CD1E439EA30086D9EA /* Main.storyboard in Resources */,
			);
			runOnlyForDeploymentPostprocessing = 0;
		};
/* End PBXResourcesBuildPhase section */

/* Begin PBXSourcesBuildPhase section */
		76C756C01E439EA30086D9EA /* Sources */ = {
			isa = PBXSourcesBuildPhase;
			buildActionMask = 2147483647;
			files = (
				76C756CA1E439EA30086D9EA /* ViewController.swift in Sources */,
				76C756C81E439EA30086D9EA /* AppDelegate.swift in Sources */,
			);
			runOnlyForDeploymentPostprocessing = 0;
		};
/* End PBXSourcesBuildPhase section */

/* Begin PBXVariantGroup section */
		76C756CB1E439EA30086D9EA /* Main.storyboard */ = {
			isa = PBXVariantGroup;
			children = (
				76C756CC1E439EA30086D9EA /* Base */,
			);
			name = Main.storyboard;
			sourceTree = "<group>";
		};
		76C756D01E439EA30086D9EA /* LaunchScreen.storyboard */ = {
			isa = PBXVariantGroup;
			children = (
				76C756D11E439EA30086D9EA /* Base */,
			);
			name = LaunchScreen.storyboard;
			sourceTree = "<group>";
		};
/* End PBXVariantGroup section */

/* Begin XCBuildConfiguration section */
		76C756D41E439EA30086D9EA /* Debug */ = {
			isa = XCBuildConfiguration;
			buildSettings = {
				ALWAYS_SEARCH_USER_PATHS = NO;
				CLANG_ANALYZER_NONNULL = YES;
				CLANG_CXX_LANGUAGE_STANDARD = "gnu++0x";
				CLANG_CXX_LIBRARY = "libc++";
				CLANG_ENABLE_MODULES = YES;
				CLANG_ENABLE_OBJC_ARC = YES;
				CLANG_WARN_BOOL_CONVERSION = YES;
				CLANG_WARN_CONSTANT_CONVERSION = YES;
				CLANG_WARN_DIRECT_OBJC_ISA_USAGE = YES_ERROR;
				CLANG_WARN_DOCUMENTATION_COMMENTS = YES;
				CLANG_WARN_EMPTY_BODY = YES;
				CLANG_WARN_ENUM_CONVERSION = YES;
				CLANG_WARN_INFINITE_RECURSION = YES;
				CLANG_WARN_INT_CONVERSION = YES;
				CLANG_WARN_OBJC_ROOT_CLASS = YES_ERROR;
				CLANG_WARN_SUSPICIOUS_MOVE = YES;
				CLANG_WARN_UNREACHABLE_CODE = YES;
				CLANG_WARN__DUPLICATE_METHOD_MATCH = YES;
				"CODE_SIGN_IDENTITY[sdk=iphoneos*]" = "iPhone Developer";
				COPY_PHASE_STRIP = NO;
				DEBUG_INFORMATION_FORMAT = dwarf;
				ENABLE_STRICT_OBJC_MSGSEND = YES;
				ENABLE_TESTABILITY = YES;
				GCC_C_LANGUAGE_STANDARD = gnu99;
				GCC_DYNAMIC_NO_PIC = NO;
				GCC_NO_COMMON_BLOCKS = YES;
				GCC_OPTIMIZATION_LEVEL = 0;
				GCC_PREPROCESSOR_DEFINITIONS = (
					"DEBUG=1",
					"$(inherited)",
				);
				GCC_WARN_64_TO_32_BIT_CONVERSION = YES;
				GCC_WARN_ABOUT_RETURN_TYPE = YES_ERROR;
				GCC_WARN_UNDECLARED_SELECTOR = YES;
				GCC_WARN_UNINITIALIZED_AUTOS = YES_AGGRESSIVE;
				GCC_WARN_UNUSED_FUNCTION = YES;
				GCC_WARN_UNUSED_VARIABLE = YES;
				IPHONEOS_DEPLOYMENT_TARGET = 10.2;
				MTL_ENABLE_DEBUG_INFO = YES;
				ONLY_ACTIVE_ARCH = YES;
				SDKROOT = iphoneos;
				SWIFT_ACTIVE_COMPILATION_CONDITIONS = DEBUG;
				SWIFT_OPTIMIZATION_LEVEL = "-Onone";
			};
			name = Debug;
		};
		76C756D51E439EA30086D9EA /* Release */ = {
			isa = XCBuildConfiguration;
			buildSettings = {
				ALWAYS_SEARCH_USER_PATHS = NO;
				CLANG_ANALYZER_NONNULL = YES;
				CLANG_CXX_LANGUAGE_STANDARD = "gnu++0x";
				CLANG_CXX_LIBRARY = "libc++";
				CLANG_ENABLE_MODULES = YES;
				CLANG_ENABLE_OBJC_ARC = YES;
				CLANG_WARN_BOOL_CONVERSION = YES;
				CLANG_WARN_CONSTANT_CONVERSION = YES;
				CLANG_WARN_DIRECT_OBJC_ISA_USAGE = YES_ERROR;
				CLANG_WARN_DOCUMENTATION_COMMENTS = YES;
				CLANG_WARN_EMPTY_BODY = YES;
				CLANG_WARN_ENUM_CONVERSION = YES;
				CLANG_WARN_INFINITE_RECURSION = YES;
				CLANG_WARN_INT_CONVERSION = YES;
				CLANG_WARN_OBJC_ROOT_CLASS = YES_ERROR;
				CLANG_WARN_SUSPICIOUS_MOVE = YES;
				CLANG_WARN_UNREACHABLE_CODE = YES;
				CLANG_WARN__DUPLICATE_METHOD_MATCH = YES;
				"CODE_SIGN_IDENTITY[sdk=iphoneos*]" = "iPhone Developer";
				COPY_PHASE_STRIP = NO;
				DEBUG_INFORMATION_FORMAT = "dwarf-with-dsym";
				ENABLE_NS_ASSERTIONS = NO;
				ENABLE_STRICT_OBJC_MSGSEND = YES;
				GCC_C_LANGUAGE_STANDARD = gnu99;
				GCC_NO_COMMON_BLOCKS = YES;
				GCC_WARN_64_TO_32_BIT_CONVERSION = YES;
				GCC_WARN_ABOUT_RETURN_TYPE = YES_ERROR;
				GCC_WARN_UNDECLARED_SELECTOR = YES;
				GCC_WARN_UNINITIALIZED_AUTOS = YES_AGGRESSIVE;
				GCC_WARN_UNUSED_FUNCTION = YES;
				GCC_WARN_UNUSED_VARIABLE = YES;
				IPHONEOS_DEPLOYMENT_TARGET = 10.2;
				MTL_ENABLE_DEBUG_INFO = NO;
				SDKROOT = iphoneos;
				SWIFT_OPTIMIZATION_LEVEL = "-Owholemodule";
				VALIDATE_PRODUCT = YES;
			};
			name = Release;
		};
		76C756D71E439EA30086D9EA /* Debug */ = {
			isa = XCBuildConfiguration;
			buildSettings = {
				ASSETCATALOG_COMPILER_APPICON_NAME = AppIcon;
				DEVELOPMENT_TEAM = JHNSK4E622;
				INFOPLIST_FILE = "Team Survey/Info.plist";
				LD_RUNPATH_SEARCH_PATHS = "$(inherited) @executable_path/Frameworks";
				PRODUCT_BUNDLE_IDENTIFIER = "kaylee.pat.Team-Survey";
				PRODUCT_NAME = "$(TARGET_NAME)";
				SWIFT_VERSION = 3.0;
			};
			name = Debug;
		};
		76C756D81E439EA30086D9EA /* Release */ = {
			isa = XCBuildConfiguration;
			buildSettings = {
				ASSETCATALOG_COMPILER_APPICON_NAME = AppIcon;
				DEVELOPMENT_TEAM = JHNSK4E622;
				INFOPLIST_FILE = "Team Survey/Info.plist";
				LD_RUNPATH_SEARCH_PATHS = "$(inherited) @executable_path/Frameworks";
				PRODUCT_BUNDLE_IDENTIFIER = "kaylee.pat.Team-Survey";
				PRODUCT_NAME = "$(TARGET_NAME)";
				SWIFT_VERSION = 3.0;
			};
			name = Release;
		};
/* End XCBuildConfiguration section */

/* Begin XCConfigurationList section */
		76C756BF1E439EA30086D9EA /* Build configuration list for PBXProject "Team Survey" */ = {
			isa = XCConfigurationList;
			buildConfigurations = (
				76C756D41E439EA30086D9EA /* Debug */,
				76C756D51E439EA30086D9EA /* Release */,
			);
			defaultConfigurationIsVisible = 0;
			defaultConfigurationName = Release;
		};
		76C756D61E439EA30086D9EA /* Build configuration list for PBXNativeTarget "Team Survey" */ = {
			isa = XCConfigurationList;
			buildConfigurations = (
				76C756D71E439EA30086D9EA /* Debug */,
				76C756D81E439EA30086D9EA /* Release */,
			);
			defaultConfigurationIsVisible = 0;
		};
/* End XCConfigurationList section */
	};
	rootObject = 76C756BC1E439EA30086D9EA /* Project object */;
}
